
Microsoft Visual Studio Solution File, Format Version 12.00
# Visual Studio Version 16
VisualStudioVersion = 16.0.31424.327
MinimumVisualStudioVersion = 10.0.40219.1
Project("{FAE04EC0-301F-11D3-BF4B-00C04F79EFBC}") = "Pennies From Heaven", "Pennies From Heaven.csproj", "{87FD1438-44A5-46D7-9EF9-B0D0F14C92BA}"
EndProject
Global
	GlobalSection(SolutionConfigurationPlatforms) = preSolution
		Debug|Any CPU = Debug|Any CPU
		Release|Any CPU = Release|Any CPU
	EndGlobalSection
	GlobalSection(ProjectConfigurationPlatforms) = postSolution
		{87FD1438-44A5-46D7-9EF9-B0D0F14C92BA}.Debug|Any CPU.ActiveCfg = Debug|Any CPU
		{87FD1438-44A5-46D7-9EF9-B0D0F14C92BA}.Debug|Any CPU.Build.0 = Debug|Any CPU
		{87FD1438-44A5-46D7-9EF9-B0D0F14C92BA}.Release|Any CPU.ActiveCfg = Release|Any CPU
		{87FD1438-44A5-46D7-9EF9-B0D0F14C92BA}.Release|Any CPU.Build.0 = Release|Any CPU
	EndGlobalSection
	GlobalSection(SolutionProperties) = preSolution
		HideSolutionNode = FALSE
	EndGlobalSection
	GlobalSection(ExtensibilityGlobals) = postSolution
		SolutionGuid = {CF4EDA71-B859-4D64-BB5C-3F668408896A}
	EndGlobalSection
EndGlobal
